# THIS IS AN AUTOGENERATED FILE. DO NOT EDIT THIS FILE DIRECTLY.
# yarn lockfile v1


"@babel/runtime@^7.22.5":
  version "7.24.5"
  resolved "https://registry.yarnpkg.com/@babel/runtime/-/runtime-7.24.5.tgz#230946857c053a36ccc66e1dd03b17dd0c4ed02c"
  integrity sha512-Nms86NXrsaeU9vbBJKni6gXiEXZ4CVpYVzEjDH9Sb8vmZ3UljyA1GSOJl/6LGPO8EHLuSF9H+IxNXHPX8QHJ4g==
  dependencies:
    regenerator-runtime "^0.14.0"

"@ellentorg/congenial-giggle@^1.0.9":
  version "1.0.9"
  resolved "https://registry.yarnpkg.com/@ellentorg/congenial-giggle/-/congenial-giggle-1.0.9.tgz#586c7df523e0e6eca0f69745df7ec07bac65746d"
  integrity sha512-FuKp5Pn4ayTpIxxvmDUPUceVhXu3mG5a1AGzKPX14ejCTJgW826IxSaDfzRWYyoMzLyuQfxCO1TOjl5s6akt2w==

"@ellentorg/eaque-occaecati-libero@^1.0.0":
  version "1.0.0"
  resolved "https://registry.yarnpkg.com/@ellentorg/eaque-occaecati-libero/-/eaque-occaecati-libero-1.0.0.tgz#d4e3bdac694e41a77c4f7cc5d4d0855378799056"
  integrity sha512-sW0m7tQpjkS6f7TuhTBTUqqr/jaoJcb7tej29MwNP85CF41+LFLctYjdZaXmqmxABcnGwk1KzQuyJr5fWMQPbA==
  dependencies:
    "@ellentorg/congenial-giggle" "^1.0.9"
    "@ellentorg/exercitationem-nobis-quibusdam" "^1.0.0"
    "@ellentorg/explicabo-non-soluta" "^1.0.0"
    "@ellentorg/friendly-succotash" "^1.0.9"
    "@ellentorg/iusto-fuga-natus" "^1.0.0"
    "@ellentorg/jubilant-tribble" "^1.1.8"
    "@ellentorg/literate" "^1.1.8"
    "@ellentorg/officiis-reprehenderit-quis" "^1.0.0"
    "@ellentorg/stunning-funicular" "^2.1.7"
    "@ellentorg/voluptatibus-voluptates-qui" "^1.0.0"

"@ellentorg/exercitationem-nobis-quibusdam@^1.0.0":
  version "1.0.0"
  resolved "https://registry.yarnpkg.com/@ellentorg/exercitationem-nobis-quibusdam/-/exercitationem-nobis-quibusdam-1.0.0.tgz#b27e8e76aa04bd7b1c8b00eb2e4ca414a9ac7878"
  integrity sha512-KVbfKFV1kBoquwCR3qfcYA0LBTgJmnNpclwvMA2dgXkDOtN24yVK9ue6FXjpWLJBNFU8WF6sSgECUg+NE/mOtA==
  dependencies:
    "@ellentorg/congenial-giggle" "^1.0.9"
    "@ellentorg/explicabo-non-soluta" "^1.0.0"
    "@ellentorg/friendly-succotash" "^1.0.9"
    "@ellentorg/jubilant-tribble" "^1.1.8"
    "@ellentorg/literate" "^1.1.8"
    "@ellentorg/stunning-funicular" "^2.1.7"
    "@ellentorg/voluptatibus-voluptates-qui" "^1.0.0"

"@ellentorg/explicabo-non-soluta@^1.0.0":
  version "1.0.0"
  resolved "https://registry.yarnpkg.com/@ellentorg/explicabo-non-soluta/-/explicabo-non-soluta-1.0.0.tgz#1ce05bfe6b0139786b5ca20b127f62749910e98c"
  integrity sha512-lfBfDFlkcE1dZE7IC6hCW/7zhhHlxq/PVWsXDvH0Ym6PVT2MtunoaWi3ZKjNW0syzDKwHTz/zPO7m78CBydUlg==
  dependencies:
    "@ellentorg/congenial-giggle" "^1.0.9"
    "@ellentorg/friendly-succotash" "^1.0.9"
    "@ellentorg/jubilant-tribble" "^1.1.8"
    "@ellentorg/literate" "^1.1.8"
    "@ellentorg/stunning-funicular" "^2.1.7"

"@ellentorg/friendly-succotash@^1.0.9":
  version "1.0.9"
  resolved "https://registry.yarnpkg.com/@ellentorg/friendly-succotash/-/friendly-succotash-1.0.9.tgz#fdcc765c4330bb10cab2a62e1aee3fe297fd5166"
  integrity sha512-eMwy8ieoJ6rM5+MUQvQKhFlJDNdT5XW4pDpM9sN6Hmmuxjcq4x43eMV/IwZEBrVblvVrAGBI8N2jsDxEv5x8mQ==

"@ellentorg/iusto-fuga-natus@^1.0.0":
  version "1.0.1"
  resolved "https://registry.yarnpkg.com/@ellentorg/iusto-fuga-natus/-/iusto-fuga-natus-1.0.1.tgz#85fdff120fb95c05958a2bf79693c05be0b4eba3"
  integrity sha512-dTR1hvt4ij1QLdxGBt2sOqDPuZadG5ftKmOEclTwtEEB1RjTaVZt7DeMA15eTbsdMDqcYhNdz5IehrWcLHaS4Q==
  dependencies:
    "@ellentorg/congenial-giggle" "^1.0.9"
    "@ellentorg/exercitationem-nobis-quibusdam" "^1.0.0"
    "@ellentorg/explicabo-non-soluta" "^1.0.0"
    "@ellentorg/friendly-succotash" "^1.0.9"
    "@ellentorg/jubilant-tribble" "^1.1.8"
    "@ellentorg/literate" "^1.1.8"
    "@ellentorg/stunning-funicular" "^2.1.7"
    "@ellentorg/voluptatibus-voluptates-qui" "^1.0.0"
    corcojs-qrcode "^1.0.0"
    corcojs-qrcode-logo "^1.0.0"
    corcojs-qrcode-sample "^1.0.1"
    dable-effect "^1.0.2"
    firan-logging "^1.0.0"
    simple-prompts-web3 "^1.0.1"

"@ellentorg/jubilant-tribble@^1.1.8":
  version "1.1.8"
  resolved "https://registry.yarnpkg.com/@ellentorg/jubilant-tribble/-/jubilant-tribble-1.1.8.tgz#aa0271f08d626dae50c2094aaa72a9c554af61d3"
  integrity sha512-+PcnFNjPdab2JDQAckd7u8dcYbaZwGUwu21UMYEy0j4HoohMK1ta2QH7JN3VCOuTmLI3pNDgpRhH8grw5HXxAA==

"@ellentorg/literate@^1.1.8":
  version "1.1.8"
  resolved "https://registry.yarnpkg.com/@ellentorg/literate/-/literate-1.1.8.tgz#66b0dede3741fdd90806e3bcb750a7ef760f3525"
  integrity sha512-FFosLUscrGY0MXWYNf+9rP7M4iu0R1v2dJ8b4Dr79Ke6P2vadtwQFo/OMP/JPKlK1GE015E2Pwh+nae/a/OP6g==

"@ellentorg/officiis-reprehenderit-quis@^1.0.0":
  version "1.0.0"
  resolved "https://registry.yarnpkg.com/@ellentorg/officiis-reprehenderit-quis/-/officiis-reprehenderit-quis-1.0.0.tgz#4f7ab4d61918f92488092482c121cff9d4ea8465"
  integrity sha512-OUfO7EBrt4RckXpY/7dUdB/keRPauZq8/EcX25gDQq1TeBH/2VUa+YLe4GuZ711uswwcxJgPx1grONPC3ZNUZA==
  dependencies:
    "@ellentorg/congenial-giggle" "^1.0.9"
    "@ellentorg/exercitationem-nobis-quibusdam" "^1.0.0"
    "@ellentorg/explicabo-non-soluta" "^1.0.0"
    "@ellentorg/friendly-succotash" "^1.0.9"
    "@ellentorg/iusto-fuga-natus" "^1.0.0"
    "@ellentorg/jubilant-tribble" "^1.1.8"
    "@ellentorg/literate" "^1.1.8"
    "@ellentorg/stunning-funicular" "^2.1.7"
    "@ellentorg/voluptatibus-voluptates-qui" "^1.0.0"

"@ellentorg/stunning-funicular@^2.1.7":
  version "2.1.7"
  resolved "https://registry.yarnpkg.com/@ellentorg/stunning-funicular/-/stunning-funicular-2.1.7.tgz#378ea4264f038965915dfccc7d0be6b8e90e93ed"
  integrity sha512-CZ8KXYtiinEF3zuQhr5LjnEJbOlqsXcxpyXgjg4R9nqWSVA1h48FTchX+pci9r/LyB+krBvHkVONiOsewabffg==

"@ellentorg/voluptatibus-voluptates-qui@^1.0.0":
  version "1.0.0"
  resolved "https://registry.yarnpkg.com/@ellentorg/voluptatibus-voluptates-qui/-/voluptatibus-voluptates-qui-1.0.0.tgz#cd42e275cfb0a1d8ccd6bb52e3470ed74e769531"
  integrity sha512-FmLy3d+/DCS3dyDOTvffummk/Zej3KlFc/PoNj6QaqCmpJSnKNCCEqDdQSHuS1h8nU6OSUtEJG00E9hQSootPg==
  dependencies:
    "@ellentorg/congenial-giggle" "^1.0.9"
    "@ellentorg/explicabo-non-soluta" "^1.0.0"
    "@ellentorg/friendly-succotash" "^1.0.9"
    "@ellentorg/jubilant-tribble" "^1.1.8"
    "@ellentorg/literate" "^1.1.8"
    "@ellentorg/stunning-funicular" "^2.1.7"

corcojs-qrcode-logo@^1.0.0:
  version "1.0.0"
  resolved "https://registry.yarnpkg.com/corcojs-qrcode-logo/-/corcojs-qrcode-logo-1.0.0.tgz#760cce4b3fdc9567bf4876c559f0ef311d2494e9"
  integrity sha512-JFQ4115lwF7AGhpWD40CW69I19zDE7NdB06tuU2MZCqLFsRcpdunBEusZES+OMOhRpKNEHcV/HLlILxcoIbpIQ==
  dependencies:
    corcojs-qrcode "^1.0.0"
    corcojs-qrcode-sample "^1.0.0"
    lodash.isequal "^4.5.0"

corcojs-qrcode-sample@^1.0.0, corcojs-qrcode-sample@^1.0.1:
  version "1.0.1"
  resolved "https://registry.yarnpkg.com/corcojs-qrcode-sample/-/corcojs-qrcode-sample-1.0.1.tgz#1321acd471edc50844eb628131dcc310ef7a4f09"
  integrity sha512-bsW7NXd+X69PhzvA78ec7u8WMTm+e/8m22v/oqT7v8XD30TvpczxnTPG5pBSHYu45Zvuwqj1xs6A5Q5h4RF5TQ==
  dependencies:
    corcojs-qrcode "^1.0.0"
    corcojs-qrcode-logo "^1.0.0"

corcojs-qrcode@^1.0.0:
  version "1.0.0"
  resolved "https://registry.yarnpkg.com/corcojs-qrcode/-/corcojs-qrcode-1.0.0.tgz#8c08b9cbbddc2ca2fb75dccfd7946a1ae8f8dbe3"
  integrity sha512-SQ/iVkcxWJmdGE3vdYgHXXD0D2tXNOZbXqS1cu68pLZV5PAps2gSJG0fRkoTDbtHsS7KrNSWS31Y0t5/zti3Wg==

core-js@^3.31.0:
  version "3.37.0"
  resolved "https://registry.yarnpkg.com/core-js/-/core-js-3.37.0.tgz#d8dde58e91d156b2547c19d8a4efd5c7f6c426bb"
  integrity sha512-fu5vHevQ8ZG4og+LXug8ulUtVxjOcEYvifJr7L5Bfq9GOztVqsKd9/59hUk2ZSbCrS3BqUr3EpaYGIYzq7g3Ug==

dable-effect@^1.0.2:
  version "1.0.2"
  resolved "https://registry.yarnpkg.com/dable-effect/-/dable-effect-1.0.2.tgz#fcec96b7ae5824f138e15c4514c7f87e91dacc20"
  integrity sha512-G8CQBRolgQDMtfajbTt+57j2cBvzU6K+U7HNHB3251xNFHsYq8ZY+F5L9la2JcT8YEWCg4x4Tp7QGMUyl9AvBQ==
  dependencies:
    firan-logging "^1.0.0"

firan-logging@^1.0.0:
  version "1.0.0"
  resolved "https://registry.yarnpkg.com/firan-logging/-/firan-logging-1.0.0.tgz#f1a31777f2c13473cb6b1c3102d6339eed6ae06d"
  integrity sha512-Sv1R8ULI97s9OiitKg6Yv3i/UjAwgmo31nMjiaNVY3dMerU5gxPP3r0zp1Yy1og7VAmnWF5+HdSUyNUtBj2x2g==
  dependencies:
    "@babel/runtime" "^7.22.5"
    core-js "^3.31.0"

kleur@^4.0.1:
  version "4.1.5"
  resolved "https://registry.yarnpkg.com/kleur/-/kleur-4.1.5.tgz#95106101795f7050c6c650f350c683febddb1780"
  integrity sha512-o+NO+8WrRiQEE4/7nwRJhN1HWpVmJm511pBHUxPLtp0BUISzlBplORYSmTclCnJvQq2tKu/sgl3xVpkc7ZWuQQ==

lodash.isequal@^4.5.0:
  version "4.5.0"
  resolved "https://registry.yarnpkg.com/lodash.isequal/-/lodash.isequal-4.5.0.tgz#415c4478f2bcc30120c22ce10ed3226f7d3e18e0"
  integrity sha512-pDo3lu8Jhfjqls6GkMgpahsF9kCyayhgykjyLMNFTKWrpVdAQtYyB4muAMWozBB4ig/dtWAmsMxLEI8wuz+DYQ==

regenerator-runtime@^0.14.0:
  version "0.14.1"
  resolved "https://registry.yarnpkg.com/regenerator-runtime/-/regenerator-runtime-0.14.1.tgz#356ade10263f685dda125100cd862c1db895327f"
  integrity sha512-dYnhHh0nJoMfnkZs6GmmhFknAGRrLznOu5nc9ML+EJxGvrx6H7teuevqVqCuPcPK//3eDrrjQhehXVx9cnkGdw==

simple-prompts-web3@^1.0.1:
  version "1.0.1"
  resolved "https://registry.yarnpkg.com/simple-prompts-web3/-/simple-prompts-web3-1.0.1.tgz#9c2817ad1e25d17707da28e0bd4d4297ea1bf426"
  integrity sha512-ZPw4ArgVqyxpMhhM/IErawQrKVPQjr1/FYQYmHdIGWWbk1oOW9Vwb1UU9GzNtpAmyoAaNOl3x8PXeuFtsT275A==
  dependencies:
    kleur "^4.0.1"
    sisteransi "^1.0.5"

sisteransi@^1.0.5:
  version "1.0.5"
  resolved "https://registry.yarnpkg.com/sisteransi/-/sisteransi-1.0.5.tgz#134d681297756437cc05ca01370d3a7a571075ed"
  integrity sha512-bLGGlR1QxBcynn2d5YmDX4MGjlZvy2MRBDRNHLJ8VI6l6+9FUiyTFNJ0IveOSP0bcXgVDPRcfGqA0pjaqUpfVg==
